
Microsoft Visual Studio Solution File, Format Version 12.00
# Visual Studio Version 16
VisualStudioVersion = 16.0.31702.278
MinimumVisualStudioVersion = 10.0.40219.1
Project("{FAE04EC0-301F-11D3-BF4B-00C04F79EFBC}") = "DeCarvalhoAlvesLab1", "DeCarvalhoAlvesLab1.csproj", "{81D80EC4-C0FB-41A6-94BB-82C18954CE46}"
EndProject
Global
	GlobalSection(SolutionConfigurationPlatforms) = preSolution
		Debug|Any CPU = Debug|Any CPU
		Release|Any CPU = Release|Any CPU
	EndGlobalSection
	GlobalSection(ProjectConfigurationPlatforms) = postSolution
		{81D80EC4-C0FB-41A6-94BB-82C18954CE46}.Debug|Any CPU.ActiveCfg = Debug|Any CPU
		{81D80EC4-C0FB-41A6-94BB-82C18954CE46}.Debug|Any CPU.Build.0 = Debug|Any CPU
		{81D80EC4-C0FB-41A6-94BB-82C18954CE46}.Release|Any CPU.ActiveCfg = Release|Any CPU
		{81D80EC4-C0FB-41A6-94BB-82C18954CE46}.Release|Any CPU.Build.0 = Release|Any CPU
	EndGlobalSection
	GlobalSection(SolutionProperties) = preSolution
		HideSolutionNode = FALSE
	EndGlobalSection
	GlobalSection(ExtensibilityGlobals) = postSolution
		SolutionGuid = {91B0216B-1B0E-4959-9EE5-7AFEA9CE7E3B}
	EndGlobalSection
EndGlobal
